
Microsoft Visual Studio Solution File, Format Version 12.00
# Visual Studio Version 17
VisualStudioVersion = 17.2.32616.157
MinimumVisualStudioVersion = 10.0.40219.1
Project("{2150E333-8FDC-42A3-9474-1A3956D46DE8}") = "src", "src", "{04440C33-CC2D-4846-87AD-520AD9C64D98}"
EndProject
Project("{9A19103F-16F7-4668-BE54-9A1E7A4F7556}") = "Mx.NET.SDK.WalletConnect", "src\Mx.NET.SDK.WalletConnect\Mx.NET.SDK.WalletConnect.csproj", "{DE2F0385-5311-40EE-9981-A679120351FB}"
EndProject
Project("{9A19103F-16F7-4668-BE54-9A1E7A4F7556}") = "Mx.NET.SDK.WebWallet", "src\Mx.NET.SDK.WebWallet\Mx.NET.SDK.WebWallet.csproj", "{C54A9F38-871F-4E50-BF7D-7C942F1B6C63}"
EndProject
Global
	GlobalSection(SolutionConfigurationPlatforms) = preSolution
		Debug|Any CPU = Debug|Any CPU
		Release|Any CPU = Release|Any CPU
	EndGlobalSection
	GlobalSection(ProjectConfigurationPlatforms) = postSolution
		{DE2F0385-5311-40EE-9981-A679120351FB}.Debug|Any CPU.ActiveCfg = Debug|Any CPU
		{DE2F0385-5311-40EE-9981-A679120351FB}.Debug|Any CPU.Build.0 = Debug|Any CPU
		{DE2F0385-5311-40EE-9981-A679120351FB}.Release|Any CPU.ActiveCfg = Release|Any CPU
		{DE2F0385-5311-40EE-9981-A679120351FB}.Release|Any CPU.Build.0 = Release|Any CPU
		{C54A9F38-871F-4E50-BF7D-7C942F1B6C63}.Debug|Any CPU.ActiveCfg = Debug|Any CPU
		{C54A9F38-871F-4E50-BF7D-7C942F1B6C63}.Debug|Any CPU.Build.0 = Debug|Any CPU
		{C54A9F38-871F-4E50-BF7D-7C942F1B6C63}.Release|Any CPU.ActiveCfg = Release|Any CPU
		{C54A9F38-871F-4E50-BF7D-7C942F1B6C63}.Release|Any CPU.Build.0 = Release|Any CPU
	EndGlobalSection
	GlobalSection(SolutionProperties) = preSolution
		HideSolutionNode = FALSE
	EndGlobalSection
	GlobalSection(NestedProjects) = preSolution
		{DE2F0385-5311-40EE-9981-A679120351FB} = {04440C33-CC2D-4846-87AD-520AD9C64D98}
		{C54A9F38-871F-4E50-BF7D-7C942F1B6C63} = {04440C33-CC2D-4846-87AD-520AD9C64D98}
	EndGlobalSection
	GlobalSection(ExtensibilityGlobals) = postSolution
		SolutionGuid = {04D5733F-8A74-4177-AFF4-9BA472CB7E11}
	EndGlobalSection
EndGlobal
